
Microsoft Visual Studio Solution File, Format Version 12.00
# Visual Studio Version 17
VisualStudioVersion = 17.3.32901.215
MinimumVisualStudioVersion = 10.0.40219.1
Project("{9A19103F-16F7-4668-BE54-9A1E7A4F7556}") = "WeatherInfo.API", "WeatherInfo.API\WeatherInfo.API.csproj", "{C577803A-D98E-4EEF-BB19-76633F66C2AF}"
EndProject
Project("{9A19103F-16F7-4668-BE54-9A1E7A4F7556}") = "WeatherInfo.Application", "WeatherInfo.Application\WeatherInfo.Application.csproj", "{970ACE37-D03E-41C3-803F-2CCD580F4655}"
EndProject
Project("{FAE04EC0-301F-11D3-BF4B-00C04F79EFBC}") = "WeatherInfo.Tests", "WeatherInfo.Tests\WeatherInfo.Tests.csproj", "{0B0CBC80-3549-461B-B0DE-B6754084F216}"
EndProject
Global
	GlobalSection(SolutionConfigurationPlatforms) = preSolution
		Debug|Any CPU = Debug|Any CPU
		Release|Any CPU = Release|Any CPU
	EndGlobalSection
	GlobalSection(ProjectConfigurationPlatforms) = postSolution
		{C577803A-D98E-4EEF-BB19-76633F66C2AF}.Debug|Any CPU.ActiveCfg = Debug|Any CPU
		{C577803A-D98E-4EEF-BB19-76633F66C2AF}.Debug|Any CPU.Build.0 = Debug|Any CPU
		{C577803A-D98E-4EEF-BB19-76633F66C2AF}.Release|Any CPU.ActiveCfg = Release|Any CPU
		{C577803A-D98E-4EEF-BB19-76633F66C2AF}.Release|Any CPU.Build.0 = Release|Any CPU
		{970ACE37-D03E-41C3-803F-2CCD580F4655}.Debug|Any CPU.ActiveCfg = Debug|Any CPU
		{970ACE37-D03E-41C3-803F-2CCD580F4655}.Debug|Any CPU.Build.0 = Debug|Any CPU
		{970ACE37-D03E-41C3-803F-2CCD580F4655}.Release|Any CPU.ActiveCfg = Release|Any CPU
		{970ACE37-D03E-41C3-803F-2CCD580F4655}.Release|Any CPU.Build.0 = Release|Any CPU
		{0B0CBC80-3549-461B-B0DE-B6754084F216}.Debug|Any CPU.ActiveCfg = Debug|Any CPU
		{0B0CBC80-3549-461B-B0DE-B6754084F216}.Debug|Any CPU.Build.0 = Debug|Any CPU
		{0B0CBC80-3549-461B-B0DE-B6754084F216}.Release|Any CPU.ActiveCfg = Release|Any CPU
		{0B0CBC80-3549-461B-B0DE-B6754084F216}.Release|Any CPU.Build.0 = Release|Any CPU
	EndGlobalSection
	GlobalSection(SolutionProperties) = preSolution
		HideSolutionNode = FALSE
	EndGlobalSection
	GlobalSection(ExtensibilityGlobals) = postSolution
		SolutionGuid = {1638011C-AC8A-4D29-8F03-CF61D438D1E0}
	EndGlobalSection
EndGlobal
